
Microsoft Visual Studio Solution File, Format Version 12.00
# Visual Studio Version 17
VisualStudioVersion = 17.13.35931.197 d17.13
MinimumVisualStudioVersion = 10.0.40219.1
Project("{FAE04EC0-301F-11D3-BF4B-00C04F79EFBC}") = "Projeto PI", "Projeto PI.csproj", "{0940C7AB-D317-4DB9-B75A-0AF2593B11AD}"
EndProject
Global
	GlobalSection(SolutionConfigurationPlatforms) = preSolution
		Debug|Any CPU = Debug|Any CPU
		Release|Any CPU = Release|Any CPU
	EndGlobalSection
	GlobalSection(ProjectConfigurationPlatforms) = postSolution
		{0940C7AB-D317-4DB9-B75A-0AF2593B11AD}.Debug|Any CPU.ActiveCfg = Debug|Any CPU
		{0940C7AB-D317-4DB9-B75A-0AF2593B11AD}.Debug|Any CPU.Build.0 = Debug|Any CPU
		{0940C7AB-D317-4DB9-B75A-0AF2593B11AD}.Release|Any CPU.ActiveCfg = Release|Any CPU
		{0940C7AB-D317-4DB9-B75A-0AF2593B11AD}.Release|Any CPU.Build.0 = Release|Any CPU
	EndGlobalSection
	GlobalSection(SolutionProperties) = preSolution
		HideSolutionNode = FALSE
	EndGlobalSection
	GlobalSection(ExtensibilityGlobals) = postSolution
		SolutionGuid = {250235CA-D80B-49BC-9D0D-AEC57541901A}
	EndGlobalSection
EndGlobal
